
Microsoft Visual Studio Solution File, Format Version 12.00
# Visual Studio Version 16
VisualStudioVersion = 16.0.31105.61
MinimumVisualStudioVersion = 10.0.40219.1
Project("{FAE04EC0-301F-11D3-BF4B-00C04F79EFBC}") = "WinFormsApp1", "WinFormsApp1\WinFormsApp1.csproj", "{99D7BC25-F1E6-44A4-82BD-BEDA2BE83868}"
EndProject
Global
	GlobalSection(SolutionConfigurationPlatforms) = preSolution
		Debug|Any CPU = Debug|Any CPU
		Release|Any CPU = Release|Any CPU
	EndGlobalSection
	GlobalSection(ProjectConfigurationPlatforms) = postSolution
		{99D7BC25-F1E6-44A4-82BD-BEDA2BE83868}.Debug|Any CPU.ActiveCfg = Debug|Any CPU
		{99D7BC25-F1E6-44A4-82BD-BEDA2BE83868}.Debug|Any CPU.Build.0 = Debug|Any CPU
		{99D7BC25-F1E6-44A4-82BD-BEDA2BE83868}.Release|Any CPU.ActiveCfg = Release|Any CPU
		{99D7BC25-F1E6-44A4-82BD-BEDA2BE83868}.Release|Any CPU.Build.0 = Release|Any CPU
	EndGlobalSection
	GlobalSection(SolutionProperties) = preSolution
		HideSolutionNode = FALSE
	EndGlobalSection
	GlobalSection(ExtensibilityGlobals) = postSolution
		SolutionGuid = {08BE301C-C5CF-4F4D-B805-BF5764BAFB66}
	EndGlobalSection
EndGlobal
